
Microsoft Visual Studio Solution File, Format Version 12.00
# Visual Studio Version 16
VisualStudioVersion = 16.0.28922.388
MinimumVisualStudioVersion = 10.0.40219.1
Project("{9A19103F-16F7-4668-BE54-9A1E7A4F7556}") = "Musico.Web", "Musico.Web\Musico.Web.csproj", "{1F02015C-7A25-4FA2-859A-CCD9066FD395}"
EndProject
Project("{9A19103F-16F7-4668-BE54-9A1E7A4F7556}") = "Musico.Services", "Musico.Services\Musico.Services.csproj", "{463709E0-0C30-420C-893E-4F83990F29C4}"
EndProject
Project("{FAE04EC0-301F-11D3-BF4B-00C04F79EFBC}") = "Musico.DataContext", "Musico.DataContext\Musico.DataContext.csproj", "{42304DEC-0C20-43FF-B806-F2E289AF4CEC}"
EndProject
Global
	GlobalSection(SolutionConfigurationPlatforms) = preSolution
		Debug|Any CPU = Debug|Any CPU
		Release|Any CPU = Release|Any CPU
	EndGlobalSection
	GlobalSection(ProjectConfigurationPlatforms) = postSolution
		{1F02015C-7A25-4FA2-859A-CCD9066FD395}.Debug|Any CPU.ActiveCfg = Debug|Any CPU
		{1F02015C-7A25-4FA2-859A-CCD9066FD395}.Debug|Any CPU.Build.0 = Debug|Any CPU
		{1F02015C-7A25-4FA2-859A-CCD9066FD395}.Release|Any CPU.ActiveCfg = Release|Any CPU
		{1F02015C-7A25-4FA2-859A-CCD9066FD395}.Release|Any CPU.Build.0 = Release|Any CPU
		{463709E0-0C30-420C-893E-4F83990F29C4}.Debug|Any CPU.ActiveCfg = Debug|Any CPU
		{463709E0-0C30-420C-893E-4F83990F29C4}.Debug|Any CPU.Build.0 = Debug|Any CPU
		{463709E0-0C30-420C-893E-4F83990F29C4}.Release|Any CPU.ActiveCfg = Release|Any CPU
		{463709E0-0C30-420C-893E-4F83990F29C4}.Release|Any CPU.Build.0 = Release|Any CPU
		{42304DEC-0C20-43FF-B806-F2E289AF4CEC}.Debug|Any CPU.ActiveCfg = Debug|Any CPU
		{42304DEC-0C20-43FF-B806-F2E289AF4CEC}.Debug|Any CPU.Build.0 = Debug|Any CPU
		{42304DEC-0C20-43FF-B806-F2E289AF4CEC}.Release|Any CPU.ActiveCfg = Release|Any CPU
		{42304DEC-0C20-43FF-B806-F2E289AF4CEC}.Release|Any CPU.Build.0 = Release|Any CPU
	EndGlobalSection
	GlobalSection(SolutionProperties) = preSolution
		HideSolutionNode = FALSE
	EndGlobalSection
	GlobalSection(ExtensibilityGlobals) = postSolution
		SolutionGuid = {073A70D8-E336-43F2-952A-01C35F9D4F09}
	EndGlobalSection
EndGlobal
